{
  "originHash" : "2abf789e655997cd5b696bbd0c293bb2d8d02870ef655530085c389e2d83db73",
  "pins" : [
    {
      "identity" : "wand",
      "kind" : "remoteSourceControl",
      "location" : "http://github.com/El-Machine/Wand.git",
      "state" : {
        "revision" : "cc7e0b5115a963118fca66be24ee429d78e76157",
        "version" : "0.1.6"
      }
    }
  ],
  "version" : 3
}
