{
  "object": {
    "pins": [
      {
        "package": "Wand",
        "repositoryURL": "http://github.com/El-Machine/Wand.git",
        "state": {
          "branch": null,
          "revision": "cc7e0b5115a963118fca66be24ee429d78e76157",
          "version": "0.1.6"
        }
      }
    ]
  },
  "version": 1
}
