{
  "object": {
    "pins": [
      {
        "package": "Wand",
        "repositoryURL": "http://github.com/El-Machine/Wand.git",
        "state": {
          "branch": null,
          "revision": "e702bb6a599edd934ead16a98a86e2c97c68c12b",
          "version": "0.1.7"
        }
      }
    ]
  },
  "version": 1
}
